
Microsoft Visual Studio Solution File, Format Version 12.00
# Visual Studio Version 17
VisualStudioVersion = 17.9.34728.123
MinimumVisualStudioVersion = 10.0.40219.1
Project("{FAE04EC0-301F-11D3-BF4B-00C04F79EFBC}") = "Espresso.UWP", "Espresso.UWP\Espresso.UWP.csproj", "{D7C01A6A-B5C3-4CF6-889E-8629A7023490}"
EndProject
Project("{FAE04EC0-301F-11D3-BF4B-00C04F79EFBC}") = "Espresso.Android", "Espresso.Android\Espresso.Android.csproj", "{7B89B62D-6E2C-47FB-9A71-4CB2C0F5FB2E}"
EndProject
Project("{FAE04EC0-301F-11D3-BF4B-00C04F79EFBC}") = "Espresso.iOS", "Espresso.iOS\Espresso.iOS.csproj", "{8FD7AF28-B509-4B7A-A5C1-572313D4B7BA}"
EndProject
Global
	GlobalSection(SolutionConfigurationPlatforms) = preSolution
		Debug|Any CPU = Debug|Any CPU
		Debug|ARM = Debug|ARM
		Debug|iPhone = Debug|iPhone
		Debug|iPhoneSimulator = Debug|iPhoneSimulator
		Debug|x64 = Debug|x64
		Debug|x86 = Debug|x86
		Release|Any CPU = Release|Any CPU
		Release|ARM = Release|ARM
		Release|iPhone = Release|iPhone
		Release|iPhoneSimulator = Release|iPhoneSimulator
		Release|x64 = Release|x64
		Release|x86 = Release|x86
	EndGlobalSection
	GlobalSection(ProjectConfigurationPlatforms) = postSolution
		{D7C01A6A-B5C3-4CF6-889E-8629A7023490}.Debug|Any CPU.ActiveCfg = Debug|x64
		{D7C01A6A-B5C3-4CF6-889E-8629A7023490}.Debug|Any CPU.Build.0 = Debug|x64
		{D7C01A6A-B5C3-4CF6-889E-8629A7023490}.Debug|Any CPU.Deploy.0 = Debug|x64
		{D7C01A6A-B5C3-4CF6-889E-8629A7023490}.Debug|ARM.ActiveCfg = Debug|ARM
		{D7C01A6A-B5C3-4CF6-889E-8629A7023490}.Debug|ARM.Build.0 = Debug|ARM
		{D7C01A6A-B5C3-4CF6-889E-8629A7023490}.Debug|ARM.Deploy.0 = Debug|ARM
		{D7C01A6A-B5C3-4CF6-889E-8629A7023490}.Debug|iPhone.ActiveCfg = Debug|x64
		{D7C01A6A-B5C3-4CF6-889E-8629A7023490}.Debug|iPhone.Build.0 = Debug|x64
		{D7C01A6A-B5C3-4CF6-889E-8629A7023490}.Debug|iPhone.Deploy.0 = Debug|x64
		{D7C01A6A-B5C3-4CF6-889E-8629A7023490}.Debug|iPhoneSimulator.ActiveCfg = Debug|x64
		{D7C01A6A-B5C3-4CF6-889E-8629A7023490}.Debug|iPhoneSimulator.Build.0 = Debug|x64
		{D7C01A6A-B5C3-4CF6-889E-8629A7023490}.Debug|iPhoneSimulator.Deploy.0 = Debug|x64
		{D7C01A6A-B5C3-4CF6-889E-8629A7023490}.Debug|x64.ActiveCfg = Debug|x64
		{D7C01A6A-B5C3-4CF6-889E-8629A7023490}.Debug|x64.Build.0 = Debug|x64
		{D7C01A6A-B5C3-4CF6-889E-8629A7023490}.Debug|x64.Deploy.0 = Debug|x64
		{D7C01A6A-B5C3-4CF6-889E-8629A7023490}.Debug|x86.ActiveCfg = Debug|x86
		{D7C01A6A-B5C3-4CF6-889E-8629A7023490}.Debug|x86.Build.0 = Debug|x86
		{D7C01A6A-B5C3-4CF6-889E-8629A7023490}.Debug|x86.Deploy.0 = Debug|x86
		{D7C01A6A-B5C3-4CF6-889E-8629A7023490}.Release|Any CPU.ActiveCfg = Release|x64
		{D7C01A6A-B5C3-4CF6-889E-8629A7023490}.Release|Any CPU.Build.0 = Release|x64
		{D7C01A6A-B5C3-4CF6-889E-8629A7023490}.Release|Any CPU.Deploy.0 = Release|x64
		{D7C01A6A-B5C3-4CF6-889E-8629A7023490}.Release|ARM.ActiveCfg = Release|ARM
		{D7C01A6A-B5C3-4CF6-889E-8629A7023490}.Release|ARM.Build.0 = Release|ARM
		{D7C01A6A-B5C3-4CF6-889E-8629A7023490}.Release|ARM.Deploy.0 = Release|ARM
		{D7C01A6A-B5C3-4CF6-889E-8629A7023490}.Release|iPhone.ActiveCfg = Release|x64
		{D7C01A6A-B5C3-4CF6-889E-8629A7023490}.Release|iPhone.Build.0 = Release|x64
		{D7C01A6A-B5C3-4CF6-889E-8629A7023490}.Release|iPhone.Deploy.0 = Release|x64
		{D7C01A6A-B5C3-4CF6-889E-8629A7023490}.Release|iPhoneSimulator.ActiveCfg = Release|x64
		{D7C01A6A-B5C3-4CF6-889E-8629A7023490}.Release|iPhoneSimulator.Build.0 = Release|x64
		{D7C01A6A-B5C3-4CF6-889E-8629A7023490}.Release|iPhoneSimulator.Deploy.0 = Release|x64
		{D7C01A6A-B5C3-4CF6-889E-8629A7023490}.Release|x64.ActiveCfg = Release|x64
		{D7C01A6A-B5C3-4CF6-889E-8629A7023490}.Release|x64.Build.0 = Release|x64
		{D7C01A6A-B5C3-4CF6-889E-8629A7023490}.Release|x64.Deploy.0 = Release|x64
		{D7C01A6A-B5C3-4CF6-889E-8629A7023490}.Release|x86.ActiveCfg = Release|x86
		{D7C01A6A-B5C3-4CF6-889E-8629A7023490}.Release|x86.Build.0 = Release|x86
		{D7C01A6A-B5C3-4CF6-889E-8629A7023490}.Release|x86.Deploy.0 = Release|x86
		{7B89B62D-6E2C-47FB-9A71-4CB2C0F5FB2E}.Debug|Any CPU.ActiveCfg = Debug|Any CPU
		{7B89B62D-6E2C-47FB-9A71-4CB2C0F5FB2E}.Debug|Any CPU.Build.0 = Debug|Any CPU
		{7B89B62D-6E2C-47FB-9A71-4CB2C0F5FB2E}.Debug|Any CPU.Deploy.0 = Debug|Any CPU
		{7B89B62D-6E2C-47FB-9A71-4CB2C0F5FB2E}.Debug|ARM.ActiveCfg = Debug|Any CPU
		{7B89B62D-6E2C-47FB-9A71-4CB2C0F5FB2E}.Debug|ARM.Build.0 = Debug|Any CPU
		{7B89B62D-6E2C-47FB-9A71-4CB2C0F5FB2E}.Debug|ARM.Deploy.0 = Debug|Any CPU
		{7B89B62D-6E2C-47FB-9A71-4CB2C0F5FB2E}.Debug|iPhone.ActiveCfg = Debug|Any CPU
		{7B89B62D-6E2C-47FB-9A71-4CB2C0F5FB2E}.Debug|iPhone.Build.0 = Debug|Any CPU
		{7B89B62D-6E2C-47FB-9A71-4CB2C0F5FB2E}.Debug|iPhone.Deploy.0 = Debug|Any CPU
		{7B89B62D-6E2C-47FB-9A71-4CB2C0F5FB2E}.Debug|iPhoneSimulator.ActiveCfg = Debug|Any CPU
		{7B89B62D-6E2C-47FB-9A71-4CB2C0F5FB2E}.Debug|iPhoneSimulator.Build.0 = Debug|Any CPU
		{7B89B62D-6E2C-47FB-9A71-4CB2C0F5FB2E}.Debug|iPhoneSimulator.Deploy.0 = Debug|Any CPU
		{7B89B62D-6E2C-47FB-9A71-4CB2C0F5FB2E}.Debug|x64.ActiveCfg = Debug|Any CPU
		{7B89B62D-6E2C-47FB-9A71-4CB2C0F5FB2E}.Debug|x64.Build.0 = Debug|Any CPU
		{7B89B62D-6E2C-47FB-9A71-4CB2C0F5FB2E}.Debug|x64.Deploy.0 = Debug|Any CPU
		{7B89B62D-6E2C-47FB-9A71-4CB2C0F5FB2E}.Debug|x86.ActiveCfg = Debug|Any CPU
		{7B89B62D-6E2C-47FB-9A71-4CB2C0F5FB2E}.Debug|x86.Build.0 = Debug|Any CPU
		{7B89B62D-6E2C-47FB-9A71-4CB2C0F5FB2E}.Debug|x86.Deploy.0 = Debug|Any CPU
		{7B89B62D-6E2C-47FB-9A71-4CB2C0F5FB2E}.Release|Any CPU.ActiveCfg = Release|Any CPU
		{7B89B62D-6E2C-47FB-9A71-4CB2C0F5FB2E}.Release|Any CPU.Build.0 = Release|Any CPU
		{7B89B62D-6E2C-47FB-9A71-4CB2C0F5FB2E}.Release|Any CPU.Deploy.0 = Release|Any CPU
		{7B89B62D-6E2C-47FB-9A71-4CB2C0F5FB2E}.Release|ARM.ActiveCfg = Release|Any CPU
		{7B89B62D-6E2C-47FB-9A71-4CB2C0F5FB2E}.Release|ARM.Build.0 = Release|Any CPU
		{7B89B62D-6E2C-47FB-9A71-4CB2C0F5FB2E}.Release|ARM.Deploy.0 = Release|Any CPU
		{7B89B62D-6E2C-47FB-9A71-4CB2C0F5FB2E}.Release|iPhone.ActiveCfg = Release|Any CPU
		{7B89B62D-6E2C-47FB-9A71-4CB2C0F5FB2E}.Release|iPhone.Build.0 = Release|Any CPU
		{7B89B62D-6E2C-47FB-9A71-4CB2C0F5FB2E}.Release|iPhone.Deploy.0 = Release|Any CPU
		{7B89B62D-6E2C-47FB-9A71-4CB2C0F5FB2E}.Release|iPhoneSimulator.ActiveCfg = Release|Any CPU
		{7B89B62D-6E2C-47FB-9A71-4CB2C0F5FB2E}.Release|iPhoneSimulator.Build.0 = Release|Any CPU
		{7B89B62D-6E2C-47FB-9A71-4CB2C0F5FB2E}.Release|iPhoneSimulator.Deploy.0 = Release|Any CPU
		{7B89B62D-6E2C-47FB-9A71-4CB2C0F5FB2E}.Release|x64.ActiveCfg = Release|Any CPU
		{7B89B62D-6E2C-47FB-9A71-4CB2C0F5FB2E}.Release|x64.Build.0 = Release|Any CPU
		{7B89B62D-6E2C-47FB-9A71-4CB2C0F5FB2E}.Release|x64.Deploy.0 = Release|Any CPU
		{7B89B62D-6E2C-47FB-9A71-4CB2C0F5FB2E}.Release|x86.ActiveCfg = Release|Any CPU
		{7B89B62D-6E2C-47FB-9A71-4CB2C0F5FB2E}.Release|x86.Build.0 = Release|Any CPU
		{7B89B62D-6E2C-47FB-9A71-4CB2C0F5FB2E}.Release|x86.Deploy.0 = Release|Any CPU
		{8FD7AF28-B509-4B7A-A5C1-572313D4B7BA}.Debug|Any CPU.ActiveCfg = Debug|iPhoneSimulator
		{8FD7AF28-B509-4B7A-A5C1-572313D4B7BA}.Debug|Any CPU.Build.0 = Debug|iPhoneSimulator
		{8FD7AF28-B509-4B7A-A5C1-572313D4B7BA}.Debug|Any CPU.Deploy.0 = Debug|iPhoneSimulator
		{8FD7AF28-B509-4B7A-A5C1-572313D4B7BA}.Debug|ARM.ActiveCfg = Debug|iPhoneSimulator
		{8FD7AF28-B509-4B7A-A5C1-572313D4B7BA}.Debug|ARM.Build.0 = Debug|iPhoneSimulator
		{8FD7AF28-B509-4B7A-A5C1-572313D4B7BA}.Debug|ARM.Deploy.0 = Debug|iPhoneSimulator
		{8FD7AF28-B509-4B7A-A5C1-572313D4B7BA}.Debug|iPhone.ActiveCfg = Debug|iPhone
		{8FD7AF28-B509-4B7A-A5C1-572313D4B7BA}.Debug|iPhone.Build.0 = Debug|iPhone
		{8FD7AF28-B509-4B7A-A5C1-572313D4B7BA}.Debug|iPhone.Deploy.0 = Debug|iPhone
		{8FD7AF28-B509-4B7A-A5C1-572313D4B7BA}.Debug|iPhoneSimulator.ActiveCfg = Debug|iPhoneSimulator
		{8FD7AF28-B509-4B7A-A5C1-572313D4B7BA}.Debug|iPhoneSimulator.Build.0 = Debug|iPhoneSimulator
		{8FD7AF28-B509-4B7A-A5C1-572313D4B7BA}.Debug|iPhoneSimulator.Deploy.0 = Debug|iPhoneSimulator
		{8FD7AF28-B509-4B7A-A5C1-572313D4B7BA}.Debug|x64.ActiveCfg = Debug|iPhone
		{8FD7AF28-B509-4B7A-A5C1-572313D4B7BA}.Debug|x64.Build.0 = Debug|iPhone
		{8FD7AF28-B509-4B7A-A5C1-572313D4B7BA}.Debug|x64.Deploy.0 = Debug|iPhone
		{8FD7AF28-B509-4B7A-A5C1-572313D4B7BA}.Debug|x86.ActiveCfg = Debug|iPhoneSimulator
		{8FD7AF28-B509-4B7A-A5C1-572313D4B7BA}.Debug|x86.Build.0 = Debug|iPhoneSimulator
		{8FD7AF28-B509-4B7A-A5C1-572313D4B7BA}.Debug|x86.Deploy.0 = Debug|iPhoneSimulator
		{8FD7AF28-B509-4B7A-A5C1-572313D4B7BA}.Release|Any CPU.ActiveCfg = Release|iPhoneSimulator
		{8FD7AF28-B509-4B7A-A5C1-572313D4B7BA}.Release|Any CPU.Build.0 = Release|iPhoneSimulator
		{8FD7AF28-B509-4B7A-A5C1-572313D4B7BA}.Release|Any CPU.Deploy.0 = Release|iPhoneSimulator
		{8FD7AF28-B509-4B7A-A5C1-572313D4B7BA}.Release|ARM.ActiveCfg = Release|iPhoneSimulator
		{8FD7AF28-B509-4B7A-A5C1-572313D4B7BA}.Release|ARM.Build.0 = Release|iPhoneSimulator
		{8FD7AF28-B509-4B7A-A5C1-572313D4B7BA}.Release|ARM.Deploy.0 = Release|iPhoneSimulator
		{8FD7AF28-B509-4B7A-A5C1-572313D4B7BA}.Release|iPhone.ActiveCfg = Release|iPhone
		{8FD7AF28-B509-4B7A-A5C1-572313D4B7BA}.Release|iPhone.Build.0 = Release|iPhone
		{8FD7AF28-B509-4B7A-A5C1-572313D4B7BA}.Release|iPhone.Deploy.0 = Release|iPhone
		{8FD7AF28-B509-4B7A-A5C1-572313D4B7BA}.Release|iPhoneSimulator.ActiveCfg = Release|iPhoneSimulator
		{8FD7AF28-B509-4B7A-A5C1-572313D4B7BA}.Release|iPhoneSimulator.Build.0 = Release|iPhoneSimulator
		{8FD7AF28-B509-4B7A-A5C1-572313D4B7BA}.Release|iPhoneSimulator.Deploy.0 = Release|iPhoneSimulator
		{8FD7AF28-B509-4B7A-A5C1-572313D4B7BA}.Release|x64.ActiveCfg = Release|iPhoneSimulator
		{8FD7AF28-B509-4B7A-A5C1-572313D4B7BA}.Release|x64.Build.0 = Release|iPhoneSimulator
		{8FD7AF28-B509-4B7A-A5C1-572313D4B7BA}.Release|x64.Deploy.0 = Release|iPhoneSimulator
		{8FD7AF28-B509-4B7A-A5C1-572313D4B7BA}.Release|x86.ActiveCfg = Release|iPhoneSimulator
		{8FD7AF28-B509-4B7A-A5C1-572313D4B7BA}.Release|x86.Build.0 = Release|iPhoneSimulator
		{8FD7AF28-B509-4B7A-A5C1-572313D4B7BA}.Release|x86.Deploy.0 = Release|iPhoneSimulator
	EndGlobalSection
	GlobalSection(SolutionProperties) = preSolution
		HideSolutionNode = FALSE
	EndGlobalSection
	GlobalSection(ExtensibilityGlobals) = postSolution
		SolutionGuid = {6A669D52-7366-44D1-94BA-F3AA0C777BD9}
	EndGlobalSection
EndGlobal
