
Microsoft Visual Studio Solution File, Format Version 12.00
# Visual Studio Version 17
VisualStudioVersion = 17.9.34728.123
MinimumVisualStudioVersion = 10.0.40219.1
Project("{FAE04EC0-301F-11D3-BF4B-00C04F79EFBC}") = "Espresso.UWP", "Espresso\Espresso.UWP\Espresso.UWP.csproj", "{E9E81D9C-E000-4790-A90E-ED4E02061212}"
EndProject
Project("{FAE04EC0-301F-11D3-BF4B-00C04F79EFBC}") = "Espresso.Android", "Espresso\Espresso.Android\Espresso.Android.csproj", "{9E69CBC9-C7FD-4EAD-BF87-5939457083F3}"
EndProject
Project("{FAE04EC0-301F-11D3-BF4B-00C04F79EFBC}") = "Espresso.iOS", "Espresso\Espresso.iOS\Espresso.iOS.csproj", "{3E8FE17E-FB16-4A2E-B1EA-05911EC1BF5A}"
EndProject
Project("{FAE04EC0-301F-11D3-BF4B-00C04F79EFBC}") = "Espresso", "Espresso\Espresso\Espresso.csproj", "{E7641BBA-75E0-4F01-B0AB-C3AC136A10B6}"
EndProject
Global
	GlobalSection(SolutionConfigurationPlatforms) = preSolution
		Debug|Any CPU = Debug|Any CPU
		Debug|ARM = Debug|ARM
		Debug|iPhone = Debug|iPhone
		Debug|iPhoneSimulator = Debug|iPhoneSimulator
		Debug|x64 = Debug|x64
		Debug|x86 = Debug|x86
		Release|Any CPU = Release|Any CPU
		Release|ARM = Release|ARM
		Release|iPhone = Release|iPhone
		Release|iPhoneSimulator = Release|iPhoneSimulator
		Release|x64 = Release|x64
		Release|x86 = Release|x86
	EndGlobalSection
	GlobalSection(ProjectConfigurationPlatforms) = postSolution
		{E9E81D9C-E000-4790-A90E-ED4E02061212}.Debug|Any CPU.ActiveCfg = Debug|x64
		{E9E81D9C-E000-4790-A90E-ED4E02061212}.Debug|Any CPU.Build.0 = Debug|x64
		{E9E81D9C-E000-4790-A90E-ED4E02061212}.Debug|Any CPU.Deploy.0 = Debug|x64
		{E9E81D9C-E000-4790-A90E-ED4E02061212}.Debug|ARM.ActiveCfg = Debug|ARM
		{E9E81D9C-E000-4790-A90E-ED4E02061212}.Debug|ARM.Build.0 = Debug|ARM
		{E9E81D9C-E000-4790-A90E-ED4E02061212}.Debug|ARM.Deploy.0 = Debug|ARM
		{E9E81D9C-E000-4790-A90E-ED4E02061212}.Debug|iPhone.ActiveCfg = Debug|x64
		{E9E81D9C-E000-4790-A90E-ED4E02061212}.Debug|iPhone.Build.0 = Debug|x64
		{E9E81D9C-E000-4790-A90E-ED4E02061212}.Debug|iPhone.Deploy.0 = Debug|x64
		{E9E81D9C-E000-4790-A90E-ED4E02061212}.Debug|iPhoneSimulator.ActiveCfg = Debug|x64
		{E9E81D9C-E000-4790-A90E-ED4E02061212}.Debug|iPhoneSimulator.Build.0 = Debug|x64
		{E9E81D9C-E000-4790-A90E-ED4E02061212}.Debug|iPhoneSimulator.Deploy.0 = Debug|x64
		{E9E81D9C-E000-4790-A90E-ED4E02061212}.Debug|x64.ActiveCfg = Debug|x64
		{E9E81D9C-E000-4790-A90E-ED4E02061212}.Debug|x64.Build.0 = Debug|x64
		{E9E81D9C-E000-4790-A90E-ED4E02061212}.Debug|x64.Deploy.0 = Debug|x64
		{E9E81D9C-E000-4790-A90E-ED4E02061212}.Debug|x86.ActiveCfg = Debug|x86
		{E9E81D9C-E000-4790-A90E-ED4E02061212}.Debug|x86.Build.0 = Debug|x86
		{E9E81D9C-E000-4790-A90E-ED4E02061212}.Debug|x86.Deploy.0 = Debug|x86
		{E9E81D9C-E000-4790-A90E-ED4E02061212}.Release|Any CPU.ActiveCfg = Release|x64
		{E9E81D9C-E000-4790-A90E-ED4E02061212}.Release|Any CPU.Build.0 = Release|x64
		{E9E81D9C-E000-4790-A90E-ED4E02061212}.Release|Any CPU.Deploy.0 = Release|x64
		{E9E81D9C-E000-4790-A90E-ED4E02061212}.Release|ARM.ActiveCfg = Release|ARM
		{E9E81D9C-E000-4790-A90E-ED4E02061212}.Release|ARM.Build.0 = Release|ARM
		{E9E81D9C-E000-4790-A90E-ED4E02061212}.Release|ARM.Deploy.0 = Release|ARM
		{E9E81D9C-E000-4790-A90E-ED4E02061212}.Release|iPhone.ActiveCfg = Release|x64
		{E9E81D9C-E000-4790-A90E-ED4E02061212}.Release|iPhone.Build.0 = Release|x64
		{E9E81D9C-E000-4790-A90E-ED4E02061212}.Release|iPhone.Deploy.0 = Release|x64
		{E9E81D9C-E000-4790-A90E-ED4E02061212}.Release|iPhoneSimulator.ActiveCfg = Release|x64
		{E9E81D9C-E000-4790-A90E-ED4E02061212}.Release|iPhoneSimulator.Build.0 = Release|x64
		{E9E81D9C-E000-4790-A90E-ED4E02061212}.Release|iPhoneSimulator.Deploy.0 = Release|x64
		{E9E81D9C-E000-4790-A90E-ED4E02061212}.Release|x64.ActiveCfg = Release|x64
		{E9E81D9C-E000-4790-A90E-ED4E02061212}.Release|x64.Build.0 = Release|x64
		{E9E81D9C-E000-4790-A90E-ED4E02061212}.Release|x64.Deploy.0 = Release|x64
		{E9E81D9C-E000-4790-A90E-ED4E02061212}.Release|x86.ActiveCfg = Release|x86
		{E9E81D9C-E000-4790-A90E-ED4E02061212}.Release|x86.Build.0 = Release|x86
		{E9E81D9C-E000-4790-A90E-ED4E02061212}.Release|x86.Deploy.0 = Release|x86
		{9E69CBC9-C7FD-4EAD-BF87-5939457083F3}.Debug|Any CPU.ActiveCfg = Debug|Any CPU
		{9E69CBC9-C7FD-4EAD-BF87-5939457083F3}.Debug|Any CPU.Build.0 = Debug|Any CPU
		{9E69CBC9-C7FD-4EAD-BF87-5939457083F3}.Debug|Any CPU.Deploy.0 = Debug|Any CPU
		{9E69CBC9-C7FD-4EAD-BF87-5939457083F3}.Debug|ARM.ActiveCfg = Debug|Any CPU
		{9E69CBC9-C7FD-4EAD-BF87-5939457083F3}.Debug|ARM.Build.0 = Debug|Any CPU
		{9E69CBC9-C7FD-4EAD-BF87-5939457083F3}.Debug|ARM.Deploy.0 = Debug|Any CPU
		{9E69CBC9-C7FD-4EAD-BF87-5939457083F3}.Debug|iPhone.ActiveCfg = Debug|Any CPU
		{9E69CBC9-C7FD-4EAD-BF87-5939457083F3}.Debug|iPhone.Build.0 = Debug|Any CPU
		{9E69CBC9-C7FD-4EAD-BF87-5939457083F3}.Debug|iPhone.Deploy.0 = Debug|Any CPU
		{9E69CBC9-C7FD-4EAD-BF87-5939457083F3}.Debug|iPhoneSimulator.ActiveCfg = Debug|Any CPU
		{9E69CBC9-C7FD-4EAD-BF87-5939457083F3}.Debug|iPhoneSimulator.Build.0 = Debug|Any CPU
		{9E69CBC9-C7FD-4EAD-BF87-5939457083F3}.Debug|iPhoneSimulator.Deploy.0 = Debug|Any CPU
		{9E69CBC9-C7FD-4EAD-BF87-5939457083F3}.Debug|x64.ActiveCfg = Debug|Any CPU
		{9E69CBC9-C7FD-4EAD-BF87-5939457083F3}.Debug|x64.Build.0 = Debug|Any CPU
		{9E69CBC9-C7FD-4EAD-BF87-5939457083F3}.Debug|x64.Deploy.0 = Debug|Any CPU
		{9E69CBC9-C7FD-4EAD-BF87-5939457083F3}.Debug|x86.ActiveCfg = Debug|Any CPU
		{9E69CBC9-C7FD-4EAD-BF87-5939457083F3}.Debug|x86.Build.0 = Debug|Any CPU
		{9E69CBC9-C7FD-4EAD-BF87-5939457083F3}.Debug|x86.Deploy.0 = Debug|Any CPU
		{9E69CBC9-C7FD-4EAD-BF87-5939457083F3}.Release|Any CPU.ActiveCfg = Release|Any CPU
		{9E69CBC9-C7FD-4EAD-BF87-5939457083F3}.Release|Any CPU.Build.0 = Release|Any CPU
		{9E69CBC9-C7FD-4EAD-BF87-5939457083F3}.Release|Any CPU.Deploy.0 = Release|Any CPU
		{9E69CBC9-C7FD-4EAD-BF87-5939457083F3}.Release|ARM.ActiveCfg = Release|Any CPU
		{9E69CBC9-C7FD-4EAD-BF87-5939457083F3}.Release|ARM.Build.0 = Release|Any CPU
		{9E69CBC9-C7FD-4EAD-BF87-5939457083F3}.Release|ARM.Deploy.0 = Release|Any CPU
		{9E69CBC9-C7FD-4EAD-BF87-5939457083F3}.Release|iPhone.ActiveCfg = Release|Any CPU
		{9E69CBC9-C7FD-4EAD-BF87-5939457083F3}.Release|iPhone.Build.0 = Release|Any CPU
		{9E69CBC9-C7FD-4EAD-BF87-5939457083F3}.Release|iPhone.Deploy.0 = Release|Any CPU
		{9E69CBC9-C7FD-4EAD-BF87-5939457083F3}.Release|iPhoneSimulator.ActiveCfg = Release|Any CPU
		{9E69CBC9-C7FD-4EAD-BF87-5939457083F3}.Release|iPhoneSimulator.Build.0 = Release|Any CPU
		{9E69CBC9-C7FD-4EAD-BF87-5939457083F3}.Release|iPhoneSimulator.Deploy.0 = Release|Any CPU
		{9E69CBC9-C7FD-4EAD-BF87-5939457083F3}.Release|x64.ActiveCfg = Release|Any CPU
		{9E69CBC9-C7FD-4EAD-BF87-5939457083F3}.Release|x64.Build.0 = Release|Any CPU
		{9E69CBC9-C7FD-4EAD-BF87-5939457083F3}.Release|x64.Deploy.0 = Release|Any CPU
		{9E69CBC9-C7FD-4EAD-BF87-5939457083F3}.Release|x86.ActiveCfg = Release|Any CPU
		{9E69CBC9-C7FD-4EAD-BF87-5939457083F3}.Release|x86.Build.0 = Release|Any CPU
		{9E69CBC9-C7FD-4EAD-BF87-5939457083F3}.Release|x86.Deploy.0 = Release|Any CPU
		{3E8FE17E-FB16-4A2E-B1EA-05911EC1BF5A}.Debug|Any CPU.ActiveCfg = Debug|iPhoneSimulator
		{3E8FE17E-FB16-4A2E-B1EA-05911EC1BF5A}.Debug|Any CPU.Build.0 = Debug|iPhoneSimulator
		{3E8FE17E-FB16-4A2E-B1EA-05911EC1BF5A}.Debug|Any CPU.Deploy.0 = Debug|iPhoneSimulator
		{3E8FE17E-FB16-4A2E-B1EA-05911EC1BF5A}.Debug|ARM.ActiveCfg = Debug|iPhoneSimulator
		{3E8FE17E-FB16-4A2E-B1EA-05911EC1BF5A}.Debug|ARM.Build.0 = Debug|iPhoneSimulator
		{3E8FE17E-FB16-4A2E-B1EA-05911EC1BF5A}.Debug|ARM.Deploy.0 = Debug|iPhoneSimulator
		{3E8FE17E-FB16-4A2E-B1EA-05911EC1BF5A}.Debug|iPhone.ActiveCfg = Debug|iPhone
		{3E8FE17E-FB16-4A2E-B1EA-05911EC1BF5A}.Debug|iPhone.Build.0 = Debug|iPhone
		{3E8FE17E-FB16-4A2E-B1EA-05911EC1BF5A}.Debug|iPhone.Deploy.0 = Debug|iPhone
		{3E8FE17E-FB16-4A2E-B1EA-05911EC1BF5A}.Debug|iPhoneSimulator.ActiveCfg = Debug|iPhoneSimulator
		{3E8FE17E-FB16-4A2E-B1EA-05911EC1BF5A}.Debug|iPhoneSimulator.Build.0 = Debug|iPhoneSimulator
		{3E8FE17E-FB16-4A2E-B1EA-05911EC1BF5A}.Debug|iPhoneSimulator.Deploy.0 = Debug|iPhoneSimulator
		{3E8FE17E-FB16-4A2E-B1EA-05911EC1BF5A}.Debug|x64.ActiveCfg = Debug|iPhone
		{3E8FE17E-FB16-4A2E-B1EA-05911EC1BF5A}.Debug|x64.Build.0 = Debug|iPhone
		{3E8FE17E-FB16-4A2E-B1EA-05911EC1BF5A}.Debug|x64.Deploy.0 = Debug|iPhone
		{3E8FE17E-FB16-4A2E-B1EA-05911EC1BF5A}.Debug|x86.ActiveCfg = Debug|iPhoneSimulator
		{3E8FE17E-FB16-4A2E-B1EA-05911EC1BF5A}.Debug|x86.Build.0 = Debug|iPhoneSimulator
		{3E8FE17E-FB16-4A2E-B1EA-05911EC1BF5A}.Debug|x86.Deploy.0 = Debug|iPhoneSimulator
		{3E8FE17E-FB16-4A2E-B1EA-05911EC1BF5A}.Release|Any CPU.ActiveCfg = Release|iPhoneSimulator
		{3E8FE17E-FB16-4A2E-B1EA-05911EC1BF5A}.Release|Any CPU.Build.0 = Release|iPhoneSimulator
		{3E8FE17E-FB16-4A2E-B1EA-05911EC1BF5A}.Release|Any CPU.Deploy.0 = Release|iPhoneSimulator
		{3E8FE17E-FB16-4A2E-B1EA-05911EC1BF5A}.Release|ARM.ActiveCfg = Release|iPhoneSimulator
		{3E8FE17E-FB16-4A2E-B1EA-05911EC1BF5A}.Release|ARM.Build.0 = Release|iPhoneSimulator
		{3E8FE17E-FB16-4A2E-B1EA-05911EC1BF5A}.Release|ARM.Deploy.0 = Release|iPhoneSimulator
		{3E8FE17E-FB16-4A2E-B1EA-05911EC1BF5A}.Release|iPhone.ActiveCfg = Release|iPhone
		{3E8FE17E-FB16-4A2E-B1EA-05911EC1BF5A}.Release|iPhone.Build.0 = Release|iPhone
		{3E8FE17E-FB16-4A2E-B1EA-05911EC1BF5A}.Release|iPhone.Deploy.0 = Release|iPhone
		{3E8FE17E-FB16-4A2E-B1EA-05911EC1BF5A}.Release|iPhoneSimulator.ActiveCfg = Release|iPhoneSimulator
		{3E8FE17E-FB16-4A2E-B1EA-05911EC1BF5A}.Release|iPhoneSimulator.Build.0 = Release|iPhoneSimulator
		{3E8FE17E-FB16-4A2E-B1EA-05911EC1BF5A}.Release|iPhoneSimulator.Deploy.0 = Release|iPhoneSimulator
		{3E8FE17E-FB16-4A2E-B1EA-05911EC1BF5A}.Release|x64.ActiveCfg = Release|iPhoneSimulator
		{3E8FE17E-FB16-4A2E-B1EA-05911EC1BF5A}.Release|x64.Build.0 = Release|iPhoneSimulator
		{3E8FE17E-FB16-4A2E-B1EA-05911EC1BF5A}.Release|x64.Deploy.0 = Release|iPhoneSimulator
		{3E8FE17E-FB16-4A2E-B1EA-05911EC1BF5A}.Release|x86.ActiveCfg = Release|iPhoneSimulator
		{3E8FE17E-FB16-4A2E-B1EA-05911EC1BF5A}.Release|x86.Build.0 = Release|iPhoneSimulator
		{3E8FE17E-FB16-4A2E-B1EA-05911EC1BF5A}.Release|x86.Deploy.0 = Release|iPhoneSimulator
		{E7641BBA-75E0-4F01-B0AB-C3AC136A10B6}.Debug|Any CPU.ActiveCfg = Debug|Any CPU
		{E7641BBA-75E0-4F01-B0AB-C3AC136A10B6}.Debug|Any CPU.Build.0 = Debug|Any CPU
		{E7641BBA-75E0-4F01-B0AB-C3AC136A10B6}.Debug|Any CPU.Deploy.0 = Debug|Any CPU
		{E7641BBA-75E0-4F01-B0AB-C3AC136A10B6}.Debug|ARM.ActiveCfg = Debug|Any CPU
		{E7641BBA-75E0-4F01-B0AB-C3AC136A10B6}.Debug|ARM.Build.0 = Debug|Any CPU
		{E7641BBA-75E0-4F01-B0AB-C3AC136A10B6}.Debug|ARM.Deploy.0 = Debug|Any CPU
		{E7641BBA-75E0-4F01-B0AB-C3AC136A10B6}.Debug|iPhone.ActiveCfg = Debug|Any CPU
		{E7641BBA-75E0-4F01-B0AB-C3AC136A10B6}.Debug|iPhone.Build.0 = Debug|Any CPU
		{E7641BBA-75E0-4F01-B0AB-C3AC136A10B6}.Debug|iPhone.Deploy.0 = Debug|Any CPU
		{E7641BBA-75E0-4F01-B0AB-C3AC136A10B6}.Debug|iPhoneSimulator.ActiveCfg = Debug|Any CPU
		{E7641BBA-75E0-4F01-B0AB-C3AC136A10B6}.Debug|iPhoneSimulator.Build.0 = Debug|Any CPU
		{E7641BBA-75E0-4F01-B0AB-C3AC136A10B6}.Debug|iPhoneSimulator.Deploy.0 = Debug|Any CPU
		{E7641BBA-75E0-4F01-B0AB-C3AC136A10B6}.Debug|x64.ActiveCfg = Debug|Any CPU
		{E7641BBA-75E0-4F01-B0AB-C3AC136A10B6}.Debug|x64.Build.0 = Debug|Any CPU
		{E7641BBA-75E0-4F01-B0AB-C3AC136A10B6}.Debug|x64.Deploy.0 = Debug|Any CPU
		{E7641BBA-75E0-4F01-B0AB-C3AC136A10B6}.Debug|x86.ActiveCfg = Debug|Any CPU
		{E7641BBA-75E0-4F01-B0AB-C3AC136A10B6}.Debug|x86.Build.0 = Debug|Any CPU
		{E7641BBA-75E0-4F01-B0AB-C3AC136A10B6}.Debug|x86.Deploy.0 = Debug|Any CPU
		{E7641BBA-75E0-4F01-B0AB-C3AC136A10B6}.Release|Any CPU.ActiveCfg = Release|Any CPU
		{E7641BBA-75E0-4F01-B0AB-C3AC136A10B6}.Release|Any CPU.Build.0 = Release|Any CPU
		{E7641BBA-75E0-4F01-B0AB-C3AC136A10B6}.Release|Any CPU.Deploy.0 = Release|Any CPU
		{E7641BBA-75E0-4F01-B0AB-C3AC136A10B6}.Release|ARM.ActiveCfg = Release|Any CPU
		{E7641BBA-75E0-4F01-B0AB-C3AC136A10B6}.Release|ARM.Build.0 = Release|Any CPU
		{E7641BBA-75E0-4F01-B0AB-C3AC136A10B6}.Release|ARM.Deploy.0 = Release|Any CPU
		{E7641BBA-75E0-4F01-B0AB-C3AC136A10B6}.Release|iPhone.ActiveCfg = Release|Any CPU
		{E7641BBA-75E0-4F01-B0AB-C3AC136A10B6}.Release|iPhone.Build.0 = Release|Any CPU
		{E7641BBA-75E0-4F01-B0AB-C3AC136A10B6}.Release|iPhone.Deploy.0 = Release|Any CPU
		{E7641BBA-75E0-4F01-B0AB-C3AC136A10B6}.Release|iPhoneSimulator.ActiveCfg = Release|Any CPU
		{E7641BBA-75E0-4F01-B0AB-C3AC136A10B6}.Release|iPhoneSimulator.Build.0 = Release|Any CPU
		{E7641BBA-75E0-4F01-B0AB-C3AC136A10B6}.Release|iPhoneSimulator.Deploy.0 = Release|Any CPU
		{E7641BBA-75E0-4F01-B0AB-C3AC136A10B6}.Release|x64.ActiveCfg = Release|Any CPU
		{E7641BBA-75E0-4F01-B0AB-C3AC136A10B6}.Release|x64.Build.0 = Release|Any CPU
		{E7641BBA-75E0-4F01-B0AB-C3AC136A10B6}.Release|x64.Deploy.0 = Release|Any CPU
		{E7641BBA-75E0-4F01-B0AB-C3AC136A10B6}.Release|x86.ActiveCfg = Release|Any CPU
		{E7641BBA-75E0-4F01-B0AB-C3AC136A10B6}.Release|x86.Build.0 = Release|Any CPU
		{E7641BBA-75E0-4F01-B0AB-C3AC136A10B6}.Release|x86.Deploy.0 = Release|Any CPU
	EndGlobalSection
	GlobalSection(SolutionProperties) = preSolution
		HideSolutionNode = FALSE
	EndGlobalSection
	GlobalSection(ExtensibilityGlobals) = postSolution
		SolutionGuid = {8013EDCE-F1E8-4C2B-B4DB-44BDF0F029DE}
	EndGlobalSection
EndGlobal
